<?xml version="1.0" encoding="utf-8"?>
<Project ToolsVersion="4.0" xmlns="http://schemas.microsoft.com/developer/msbuild/2003">
  <ItemGroup>
    <Filter Include="Sources">
      <UniqueIdentifier>{d88dbeb3-a70c-4ac1-97ff-028b6b1f51e4}</UniqueIdentifier>
    </Filter>
    <Filter Include="Sources\Maths">
      <UniqueIdentifier>{81d6a3eb-1836-4ea6-b256-0c0056db9fab}</UniqueIdentifier>
    </Filter>
    <Filter Include="Sources\Renderer">
      <UniqueIdentifier>{57c185d6-8b1a-4bde-952b-d8c633b6d2e8}</UniqueIdentifier>
    </Filter>
    <Filter Include="Libraries">
      <UniqueIdentifier>{183437a8-6917-4080-9331-f5c7cc54a5a1}</UniqueIdentifier>
    </Filter>
    <Filter Include="Libraries\glew">
      <UniqueIdentifier>{39b26098-379f-4a24-82a7-07c43d256322}</UniqueIdentifier>
    </Filter>
    <Filter Include="Libraries\glew\include">
      <UniqueIdentifier>{fadb4460-0d4f-40fa-a78f-3182687fabfd}</UniqueIdentifier>
    </Filter>
    <Filter Include="Libraries\glew\include\GL">
      <UniqueIdentifier>{9f11a31a-9970-4c40-825a-bee2046e374f}</UniqueIdentifier>
    </Filter>
    <Filter Include="Libraries\glew\src">
      <UniqueIdentifier>{3c708748-cb3e-4025-84ea-33cc0f6f95ad}</UniqueIdentifier>
    </Filter>
    <Filter Include="Libraries\freetype">
      <UniqueIdentifier>{07c31b6c-1479-4e7b-8f22-5586d40df7f5}</UniqueIdentifier>
    </Filter>
    <Filter Include="Libraries\glm">
      <UniqueIdentifier>{42b89d3d-8709-414d-98fb-c58c4850d405}</UniqueIdentifier>
    </Filter>
    <Filter Include="Libraries\glm\detail">
      <UniqueIdentifier>{f041414b-21d1-4174-a81e-8304b198009d}</UniqueIdentifier>
    </Filter>
    <Filter Include="Libraries\glm\gtc">
      <UniqueIdentifier>{7e7e869c-25c5-42bd-9f0f-92aed512cb93}</UniqueIdentifier>
    </Filter>
    <Filter Include="Libraries\glm\gtx">
      <UniqueIdentifier>{f73a7a76-0561-45bd-8988-91259134c799}</UniqueIdentifier>
    </Filter>
    <Filter Include="Libraries\tinythread">
      <UniqueIdentifier>{e0a0707a-392c-44a5-a000-5466f472bed3}</UniqueIdentifier>
    </Filter>
    <Filter Include="Sources\Models">
      <UniqueIdentifier>{11797816-10a4-431b-bb09-d16839bba438}</UniqueIdentifier>
    </Filter>
  </ItemGroup>
  <ItemGroup>
    <ClCompile Include="..\Sources\main.cpp">
      <Filter>Sources</Filter>
    </ClCompile>
    <ClCompile Include="..\Sources\CubbyWindow.cpp">
      <Filter>Sources</Filter>
    </ClCompile>
    <ClCompile Include="..\Sources\CubbyGame.cpp">
      <Filter>Sources</Filter>
    </ClCompile>
    <ClCompile Include="..\Sources\Maths\Matrix4.cpp">
      <Filter>Sources\Maths</Filter>
    </ClCompile>
    <ClCompile Include="..\Sources\Maths\Line3D.cpp">
      <Filter>Sources\Maths</Filter>
    </ClCompile>
    <ClCompile Include="..\Sources\Maths\Plane3D.cpp">
      <Filter>Sources\Maths</Filter>
    </ClCompile>
    <ClCompile Include="..\Sources\Maths\Bezier3.cpp">
      <Filter>Sources\Maths</Filter>
    </ClCompile>
    <ClCompile Include="..\Sources\Maths\Bezier4.cpp">
      <Filter>Sources\Maths</Filter>
    </ClCompile>
    <ClCompile Include="..\Sources\Maths\BoundingRegion.cpp">
      <Filter>Sources\Maths</Filter>
    </ClCompile>
    <ClCompile Include="..\Sources\Renderer\Color.cpp">
      <Filter>Sources\Renderer</Filter>
    </ClCompile>
    <ClCompile Include="..\Sources\Renderer\Light.cpp">
      <Filter>Sources\Renderer</Filter>
    </ClCompile>
    <ClCompile Include="..\Sources\Renderer\Texture.cpp">
      <Filter>Sources\Renderer</Filter>
    </ClCompile>
    <ClCompile Include="..\Sources\Renderer\Material.cpp">
      <Filter>Sources\Renderer</Filter>
    </ClCompile>
    <ClCompile Include="..\Sources\Renderer\Frustum.cpp">
      <Filter>Sources\Renderer</Filter>
    </ClCompile>
    <ClCompile Include="..\Sources\Renderer\Mesh.cpp">
      <Filter>Sources\Renderer</Filter>
    </ClCompile>
    <ClCompile Include="..\Sources\Renderer\GLSL.cpp">
      <Filter>Sources\Renderer</Filter>
    </ClCompile>
    <ClCompile Include="..\Libraries\glew\src\glew.c">
      <Filter>Libraries\glew\src</Filter>
    </ClCompile>
    <ClCompile Include="..\Libraries\freetype\freetypefont.cpp">
      <Filter>Libraries\freetype</Filter>
    </ClCompile>
    <ClCompile Include="..\Libraries\glm\detail\dummy.cpp">
      <Filter>Libraries\glm\detail</Filter>
    </ClCompile>
    <ClCompile Include="..\Libraries\glm\detail\glm.cpp">
      <Filter>Libraries\glm\detail</Filter>
    </ClCompile>
    <ClCompile Include="..\Sources\Renderer\VertexArray.cpp">
      <Filter>Sources\Renderer</Filter>
    </ClCompile>
    <ClCompile Include="..\Libraries\tinythread\tinythread.cpp">
      <Filter>Libraries\tinythread</Filter>
    </ClCompile>
    <ClCompile Include="..\Sources\Renderer\Renderer.cpp">
      <Filter>Sources\Renderer</Filter>
    </ClCompile>
    <ClCompile Include="..\Sources\Renderer\tga.cpp">
      <Filter>Sources\Renderer</Filter>
    </ClCompile>
    <ClCompile Include="..\Sources\Renderer\Camera.cpp">
      <Filter>Sources\Renderer</Filter>
    </ClCompile>
    <ClCompile Include="..\Sources\Models\BoundingBox.cpp">
      <Filter>Sources\Models</Filter>
    </ClCompile>
  </ItemGroup>
  <ItemGroup>
    <ClInclude Include="..\Sources\CubbyWindow.h">
      <Filter>Sources</Filter>
    </ClInclude>
    <ClInclude Include="..\Sources\CubbyGame.h">
      <Filter>Sources</Filter>
    </ClInclude>
    <ClInclude Include="..\Sources\Maths\3DMaths.h">
      <Filter>Sources\Maths</Filter>
    </ClInclude>
    <ClInclude Include="..\Sources\Maths\Matrix4.h">
      <Filter>Sources\Maths</Filter>
    </ClInclude>
    <ClInclude Include="..\Sources\Maths\Line3D.h">
      <Filter>Sources\Maths</Filter>
    </ClInclude>
    <ClInclude Include="..\Sources\Maths\Plane3D.h">
      <Filter>Sources\Maths</Filter>
    </ClInclude>
    <ClInclude Include="..\Sources\Maths\Bezier3.h">
      <Filter>Sources\Maths</Filter>
    </ClInclude>
    <ClInclude Include="..\Sources\Maths\Bezier4.h">
      <Filter>Sources\Maths</Filter>
    </ClInclude>
    <ClInclude Include="..\Sources\Maths\BoundingRegion.h">
      <Filter>Sources\Maths</Filter>
    </ClInclude>
    <ClInclude Include="..\Sources\Renderer\Color.h">
      <Filter>Sources\Renderer</Filter>
    </ClInclude>
    <ClInclude Include="..\Sources\Renderer\Light.h">
      <Filter>Sources\Renderer</Filter>
    </ClInclude>
    <ClInclude Include="..\Sources\Renderer\Texture.h">
      <Filter>Sources\Renderer</Filter>
    </ClInclude>
    <ClInclude Include="..\Sources\Renderer\Material.h">
      <Filter>Sources\Renderer</Filter>
    </ClInclude>
    <ClInclude Include="..\Sources\Renderer\Frustum.h">
      <Filter>Sources\Renderer</Filter>
    </ClInclude>
    <ClInclude Include="..\Sources\Renderer\Viewport.h">
      <Filter>Sources\Renderer</Filter>
    </ClInclude>
    <ClInclude Include="..\Sources\Renderer\FrameBuffer.h">
      <Filter>Sources\Renderer</Filter>
    </ClInclude>
    <ClInclude Include="..\Sources\Renderer\Mesh.h">
      <Filter>Sources\Renderer</Filter>
    </ClInclude>
    <ClInclude Include="..\Sources\Renderer\GLSL.h">
      <Filter>Sources\Renderer</Filter>
    </ClInclude>
    <ClInclude Include="..\Sources\Renderer\Renderer.h">
      <Filter>Sources\Renderer</Filter>
    </ClInclude>
    <ClInclude Include="..\Libraries\glew\include\GL\glew.h">
      <Filter>Libraries\glew\include\GL</Filter>
    </ClInclude>
    <ClInclude Include="..\Libraries\glew\include\GL\glxew.h">
      <Filter>Libraries\glew\include\GL</Filter>
    </ClInclude>
    <ClInclude Include="..\Libraries\glew\include\GL\wglew.h">
      <Filter>Libraries\glew\include\GL</Filter>
    </ClInclude>
    <ClInclude Include="..\Libraries\freetype\freetypefont.h">
      <Filter>Libraries\freetype</Filter>
    </ClInclude>
    <ClInclude Include="..\Libraries\glm\common.hpp">
      <Filter>Libraries\glm</Filter>
    </ClInclude>
    <ClInclude Include="..\Libraries\glm\exponential.hpp">
      <Filter>Libraries\glm</Filter>
    </ClInclude>
    <ClInclude Include="..\Libraries\glm\ext.hpp">
      <Filter>Libraries\glm</Filter>
    </ClInclude>
    <ClInclude Include="..\Libraries\glm\fwd.hpp">
      <Filter>Libraries\glm</Filter>
    </ClInclude>
    <ClInclude Include="..\Libraries\glm\geometric.hpp">
      <Filter>Libraries\glm</Filter>
    </ClInclude>
    <ClInclude Include="..\Libraries\glm\glm.hpp">
      <Filter>Libraries\glm</Filter>
    </ClInclude>
    <ClInclude Include="..\Libraries\glm\integer.hpp">
      <Filter>Libraries\glm</Filter>
    </ClInclude>
    <ClInclude Include="..\Libraries\glm\mat2x2.hpp">
      <Filter>Libraries\glm</Filter>
    </ClInclude>
    <ClInclude Include="..\Libraries\glm\mat2x3.hpp">
      <Filter>Libraries\glm</Filter>
    </ClInclude>
    <ClInclude Include="..\Libraries\glm\mat2x4.hpp">
      <Filter>Libraries\glm</Filter>
    </ClInclude>
    <ClInclude Include="..\Libraries\glm\mat3x2.hpp">
      <Filter>Libraries\glm</Filter>
    </ClInclude>
    <ClInclude Include="..\Libraries\glm\mat3x3.hpp">
      <Filter>Libraries\glm</Filter>
    </ClInclude>
    <ClInclude Include="..\Libraries\glm\mat3x4.hpp">
      <Filter>Libraries\glm</Filter>
    </ClInclude>
    <ClInclude Include="..\Libraries\glm\mat4x2.hpp">
      <Filter>Libraries\glm</Filter>
    </ClInclude>
    <ClInclude Include="..\Libraries\glm\mat4x3.hpp">
      <Filter>Libraries\glm</Filter>
    </ClInclude>
    <ClInclude Include="..\Libraries\glm\mat4x4.hpp">
      <Filter>Libraries\glm</Filter>
    </ClInclude>
    <ClInclude Include="..\Libraries\glm\matrix.hpp">
      <Filter>Libraries\glm</Filter>
    </ClInclude>
    <ClInclude Include="..\Libraries\glm\packing.hpp">
      <Filter>Libraries\glm</Filter>
    </ClInclude>
    <ClInclude Include="..\Libraries\glm\trigonometric.hpp">
      <Filter>Libraries\glm</Filter>
    </ClInclude>
    <ClInclude Include="..\Libraries\glm\vec2.hpp">
      <Filter>Libraries\glm</Filter>
    </ClInclude>
    <ClInclude Include="..\Libraries\glm\vec3.hpp">
      <Filter>Libraries\glm</Filter>
    </ClInclude>
    <ClInclude Include="..\Libraries\glm\vec4.hpp">
      <Filter>Libraries\glm</Filter>
    </ClInclude>
    <ClInclude Include="..\Libraries\glm\vector_relational.hpp">
      <Filter>Libraries\glm</Filter>
    </ClInclude>
    <ClInclude Include="..\Libraries\glm\detail\_features.hpp">
      <Filter>Libraries\glm\detail</Filter>
    </ClInclude>
    <ClInclude Include="..\Libraries\glm\detail\_fixes.hpp">
      <Filter>Libraries\glm\detail</Filter>
    </ClInclude>
    <ClInclude Include="..\Libraries\glm\detail\_noise.hpp">
      <Filter>Libraries\glm\detail</Filter>
    </ClInclude>
    <ClInclude Include="..\Libraries\glm\detail\_swizzle.hpp">
      <Filter>Libraries\glm\detail</Filter>
    </ClInclude>
    <ClInclude Include="..\Libraries\glm\detail\_swizzle_func.hpp">
      <Filter>Libraries\glm\detail</Filter>
    </ClInclude>
    <ClInclude Include="..\Libraries\glm\detail\_vectorize.hpp">
      <Filter>Libraries\glm\detail</Filter>
    </ClInclude>
    <ClInclude Include="..\Libraries\glm\detail\func_common.hpp">
      <Filter>Libraries\glm\detail</Filter>
    </ClInclude>
    <ClInclude Include="..\Libraries\glm\detail\func_exponential.hpp">
      <Filter>Libraries\glm\detail</Filter>
    </ClInclude>
    <ClInclude Include="..\Libraries\glm\detail\func_geometric.hpp">
      <Filter>Libraries\glm\detail</Filter>
    </ClInclude>
    <ClInclude Include="..\Libraries\glm\detail\func_integer.hpp">
      <Filter>Libraries\glm\detail</Filter>
    </ClInclude>
    <ClInclude Include="..\Libraries\glm\detail\func_matrix.hpp">
      <Filter>Libraries\glm\detail</Filter>
    </ClInclude>
    <ClInclude Include="..\Libraries\glm\detail\func_packing.hpp">
      <Filter>Libraries\glm\detail</Filter>
    </ClInclude>
    <ClInclude Include="..\Libraries\glm\detail\func_trigonometric.hpp">
      <Filter>Libraries\glm\detail</Filter>
    </ClInclude>
    <ClInclude Include="..\Libraries\glm\detail\func_vector_relational.hpp">
      <Filter>Libraries\glm\detail</Filter>
    </ClInclude>
    <ClInclude Include="..\Libraries\glm\detail\intrinsic_common.hpp">
      <Filter>Libraries\glm\detail</Filter>
    </ClInclude>
    <ClInclude Include="..\Libraries\glm\detail\intrinsic_exponential.hpp">
      <Filter>Libraries\glm\detail</Filter>
    </ClInclude>
    <ClInclude Include="..\Libraries\glm\detail\intrinsic_geometric.hpp">
      <Filter>Libraries\glm\detail</Filter>
    </ClInclude>
    <ClInclude Include="..\Libraries\glm\detail\intrinsic_integer.hpp">
      <Filter>Libraries\glm\detail</Filter>
    </ClInclude>
    <ClInclude Include="..\Libraries\glm\detail\intrinsic_matrix.hpp">
      <Filter>Libraries\glm\detail</Filter>
    </ClInclude>
    <ClInclude Include="..\Libraries\glm\detail\intrinsic_trigonometric.hpp">
      <Filter>Libraries\glm\detail</Filter>
    </ClInclude>
    <ClInclude Include="..\Libraries\glm\detail\intrinsic_vector_relational.hpp">
      <Filter>Libraries\glm\detail</Filter>
    </ClInclude>
    <ClInclude Include="..\Libraries\glm\detail\precision.hpp">
      <Filter>Libraries\glm\detail</Filter>
    </ClInclude>
    <ClInclude Include="..\Libraries\glm\detail\setup.hpp">
      <Filter>Libraries\glm\detail</Filter>
    </ClInclude>
    <ClInclude Include="..\Libraries\glm\detail\type_float.hpp">
      <Filter>Libraries\glm\detail</Filter>
    </ClInclude>
    <ClInclude Include="..\Libraries\glm\detail\type_gentype.hpp">
      <Filter>Libraries\glm\detail</Filter>
    </ClInclude>
    <ClInclude Include="..\Libraries\glm\detail\type_half.hpp">
      <Filter>Libraries\glm\detail</Filter>
    </ClInclude>
    <ClInclude Include="..\Libraries\glm\detail\type_int.hpp">
      <Filter>Libraries\glm\detail</Filter>
    </ClInclude>
    <ClInclude Include="..\Libraries\glm\detail\type_mat.hpp">
      <Filter>Libraries\glm\detail</Filter>
    </ClInclude>
    <ClInclude Include="..\Libraries\glm\detail\type_mat2x2.hpp">
      <Filter>Libraries\glm\detail</Filter>
    </ClInclude>
    <ClInclude Include="..\Libraries\glm\detail\type_mat2x3.hpp">
      <Filter>Libraries\glm\detail</Filter>
    </ClInclude>
    <ClInclude Include="..\Libraries\glm\detail\type_mat2x4.hpp">
      <Filter>Libraries\glm\detail</Filter>
    </ClInclude>
    <ClInclude Include="..\Libraries\glm\detail\type_mat3x2.hpp">
      <Filter>Libraries\glm\detail</Filter>
    </ClInclude>
    <ClInclude Include="..\Libraries\glm\detail\type_mat3x3.hpp">
      <Filter>Libraries\glm\detail</Filter>
    </ClInclude>
    <ClInclude Include="..\Libraries\glm\detail\type_mat3x4.hpp">
      <Filter>Libraries\glm\detail</Filter>
    </ClInclude>
    <ClInclude Include="..\Libraries\glm\detail\type_mat4x2.hpp">
      <Filter>Libraries\glm\detail</Filter>
    </ClInclude>
    <ClInclude Include="..\Libraries\glm\detail\type_mat4x3.hpp">
      <Filter>Libraries\glm\detail</Filter>
    </ClInclude>
    <ClInclude Include="..\Libraries\glm\detail\type_mat4x4.hpp">
      <Filter>Libraries\glm\detail</Filter>
    </ClInclude>
    <ClInclude Include="..\Libraries\glm\detail\type_vec.hpp">
      <Filter>Libraries\glm\detail</Filter>
    </ClInclude>
    <ClInclude Include="..\Libraries\glm\detail\type_vec1.hpp">
      <Filter>Libraries\glm\detail</Filter>
    </ClInclude>
    <ClInclude Include="..\Libraries\glm\detail\type_vec2.hpp">
      <Filter>Libraries\glm\detail</Filter>
    </ClInclude>
    <ClInclude Include="..\Libraries\glm\detail\type_vec3.hpp">
      <Filter>Libraries\glm\detail</Filter>
    </ClInclude>
    <ClInclude Include="..\Libraries\glm\detail\type_vec4.hpp">
      <Filter>Libraries\glm\detail</Filter>
    </ClInclude>
    <ClInclude Include="..\Libraries\glm\gtc\bitfield.hpp">
      <Filter>Libraries\glm\gtc</Filter>
    </ClInclude>
    <ClInclude Include="..\Libraries\glm\gtc\color_space.hpp">
      <Filter>Libraries\glm\gtc</Filter>
    </ClInclude>
    <ClInclude Include="..\Libraries\glm\gtc\constants.hpp">
      <Filter>Libraries\glm\gtc</Filter>
    </ClInclude>
    <ClInclude Include="..\Libraries\glm\gtc\epsilon.hpp">
      <Filter>Libraries\glm\gtc</Filter>
    </ClInclude>
    <ClInclude Include="..\Libraries\glm\gtc\integer.hpp">
      <Filter>Libraries\glm\gtc</Filter>
    </ClInclude>
    <ClInclude Include="..\Libraries\glm\gtc\matrix_access.hpp">
      <Filter>Libraries\glm\gtc</Filter>
    </ClInclude>
    <ClInclude Include="..\Libraries\glm\gtc\matrix_integer.hpp">
      <Filter>Libraries\glm\gtc</Filter>
    </ClInclude>
    <ClInclude Include="..\Libraries\glm\gtc\matrix_inverse.hpp">
      <Filter>Libraries\glm\gtc</Filter>
    </ClInclude>
    <ClInclude Include="..\Libraries\glm\gtc\matrix_transform.hpp">
      <Filter>Libraries\glm\gtc</Filter>
    </ClInclude>
    <ClInclude Include="..\Libraries\glm\gtc\noise.hpp">
      <Filter>Libraries\glm\gtc</Filter>
    </ClInclude>
    <ClInclude Include="..\Libraries\glm\gtc\packing.hpp">
      <Filter>Libraries\glm\gtc</Filter>
    </ClInclude>
    <ClInclude Include="..\Libraries\glm\gtc\quaternion.hpp">
      <Filter>Libraries\glm\gtc</Filter>
    </ClInclude>
    <ClInclude Include="..\Libraries\glm\gtc\random.hpp">
      <Filter>Libraries\glm\gtc</Filter>
    </ClInclude>
    <ClInclude Include="..\Libraries\glm\gtc\reciprocal.hpp">
      <Filter>Libraries\glm\gtc</Filter>
    </ClInclude>
    <ClInclude Include="..\Libraries\glm\gtc\round.hpp">
      <Filter>Libraries\glm\gtc</Filter>
    </ClInclude>
    <ClInclude Include="..\Libraries\glm\gtc\type_precision.hpp">
      <Filter>Libraries\glm\gtc</Filter>
    </ClInclude>
    <ClInclude Include="..\Libraries\glm\gtc\type_ptr.hpp">
      <Filter>Libraries\glm\gtc</Filter>
    </ClInclude>
    <ClInclude Include="..\Libraries\glm\gtc\ulp.hpp">
      <Filter>Libraries\glm\gtc</Filter>
    </ClInclude>
    <ClInclude Include="..\Libraries\glm\gtc\vec1.hpp">
      <Filter>Libraries\glm\gtc</Filter>
    </ClInclude>
    <ClInclude Include="..\Libraries\glm\gtx\associated_min_max.hpp">
      <Filter>Libraries\glm\gtx</Filter>
    </ClInclude>
    <ClInclude Include="..\Libraries\glm\gtx\bit.hpp">
      <Filter>Libraries\glm\gtx</Filter>
    </ClInclude>
    <ClInclude Include="..\Libraries\glm\gtx\closest_point.hpp">
      <Filter>Libraries\glm\gtx</Filter>
    </ClInclude>
    <ClInclude Include="..\Libraries\glm\gtx\color_space.hpp">
      <Filter>Libraries\glm\gtx</Filter>
    </ClInclude>
    <ClInclude Include="..\Libraries\glm\gtx\color_space_YCoCg.hpp">
      <Filter>Libraries\glm\gtx</Filter>
    </ClInclude>
    <ClInclude Include="..\Libraries\glm\gtx\common.hpp">
      <Filter>Libraries\glm\gtx</Filter>
    </ClInclude>
    <ClInclude Include="..\Libraries\glm\gtx\compatibility.hpp">
      <Filter>Libraries\glm\gtx</Filter>
    </ClInclude>
    <ClInclude Include="..\Libraries\glm\gtx\component_wise.hpp">
      <Filter>Libraries\glm\gtx</Filter>
    </ClInclude>
    <ClInclude Include="..\Libraries\glm\gtx\dual_quaternion.hpp">
      <Filter>Libraries\glm\gtx</Filter>
    </ClInclude>
    <ClInclude Include="..\Libraries\glm\gtx\euler_angles.hpp">
      <Filter>Libraries\glm\gtx</Filter>
    </ClInclude>
    <ClInclude Include="..\Libraries\glm\gtx\extend.hpp">
      <Filter>Libraries\glm\gtx</Filter>
    </ClInclude>
    <ClInclude Include="..\Libraries\glm\gtx\extended_min_max.hpp">
      <Filter>Libraries\glm\gtx</Filter>
    </ClInclude>
    <ClInclude Include="..\Libraries\glm\gtx\fast_exponential.hpp">
      <Filter>Libraries\glm\gtx</Filter>
    </ClInclude>
    <ClInclude Include="..\Libraries\glm\gtx\fast_square_root.hpp">
      <Filter>Libraries\glm\gtx</Filter>
    </ClInclude>
    <ClInclude Include="..\Libraries\glm\gtx\fast_trigonometry.hpp">
      <Filter>Libraries\glm\gtx</Filter>
    </ClInclude>
    <ClInclude Include="..\Libraries\glm\gtx\gradient_paint.hpp">
      <Filter>Libraries\glm\gtx</Filter>
    </ClInclude>
    <ClInclude Include="..\Libraries\glm\gtx\handed_coordinate_space.hpp">
      <Filter>Libraries\glm\gtx</Filter>
    </ClInclude>
    <ClInclude Include="..\Libraries\glm\gtx\hash.hpp">
      <Filter>Libraries\glm\gtx</Filter>
    </ClInclude>
    <ClInclude Include="..\Libraries\glm\gtx\integer.hpp">
      <Filter>Libraries\glm\gtx</Filter>
    </ClInclude>
    <ClInclude Include="..\Libraries\glm\gtx\intersect.hpp">
      <Filter>Libraries\glm\gtx</Filter>
    </ClInclude>
    <ClInclude Include="..\Libraries\glm\gtx\io.hpp">
      <Filter>Libraries\glm\gtx</Filter>
    </ClInclude>
    <ClInclude Include="..\Libraries\glm\gtx\log_base.hpp">
      <Filter>Libraries\glm\gtx</Filter>
    </ClInclude>
    <ClInclude Include="..\Libraries\glm\gtx\matrix_cross_product.hpp">
      <Filter>Libraries\glm\gtx</Filter>
    </ClInclude>
    <ClInclude Include="..\Libraries\glm\gtx\matrix_decompose.hpp">
      <Filter>Libraries\glm\gtx</Filter>
    </ClInclude>
    <ClInclude Include="..\Libraries\glm\gtx\matrix_interpolation.hpp">
      <Filter>Libraries\glm\gtx</Filter>
    </ClInclude>
    <ClInclude Include="..\Libraries\glm\gtx\matrix_major_storage.hpp">
      <Filter>Libraries\glm\gtx</Filter>
    </ClInclude>
    <ClInclude Include="..\Libraries\glm\gtx\matrix_operation.hpp">
      <Filter>Libraries\glm\gtx</Filter>
    </ClInclude>
    <ClInclude Include="..\Libraries\glm\gtx\matrix_query.hpp">
      <Filter>Libraries\glm\gtx</Filter>
    </ClInclude>
    <ClInclude Include="..\Libraries\glm\gtx\matrix_transform_2d.hpp">
      <Filter>Libraries\glm\gtx</Filter>
    </ClInclude>
    <ClInclude Include="..\Libraries\glm\gtx\mixed_product.hpp">
      <Filter>Libraries\glm\gtx</Filter>
    </ClInclude>
    <ClInclude Include="..\Libraries\glm\gtx\norm.hpp">
      <Filter>Libraries\glm\gtx</Filter>
    </ClInclude>
    <ClInclude Include="..\Libraries\glm\gtx\normal.hpp">
      <Filter>Libraries\glm\gtx</Filter>
    </ClInclude>
    <ClInclude Include="..\Libraries\glm\gtx\normalize_dot.hpp">
      <Filter>Libraries\glm\gtx</Filter>
    </ClInclude>
    <ClInclude Include="..\Libraries\glm\gtx\number_precision.hpp">
      <Filter>Libraries\glm\gtx</Filter>
    </ClInclude>
    <ClInclude Include="..\Libraries\glm\gtx\optimum_pow.hpp">
      <Filter>Libraries\glm\gtx</Filter>
    </ClInclude>
    <ClInclude Include="..\Libraries\glm\gtx\orthonormalize.hpp">
      <Filter>Libraries\glm\gtx</Filter>
    </ClInclude>
    <ClInclude Include="..\Libraries\glm\gtx\perpendicular.hpp">
      <Filter>Libraries\glm\gtx</Filter>
    </ClInclude>
    <ClInclude Include="..\Libraries\glm\gtx\polar_coordinates.hpp">
      <Filter>Libraries\glm\gtx</Filter>
    </ClInclude>
    <ClInclude Include="..\Libraries\glm\gtx\projection.hpp">
      <Filter>Libraries\glm\gtx</Filter>
    </ClInclude>
    <ClInclude Include="..\Libraries\glm\gtx\quaternion.hpp">
      <Filter>Libraries\glm\gtx</Filter>
    </ClInclude>
    <ClInclude Include="..\Libraries\glm\gtx\range.hpp">
      <Filter>Libraries\glm\gtx</Filter>
    </ClInclude>
    <ClInclude Include="..\Libraries\glm\gtx\raw_data.hpp">
      <Filter>Libraries\glm\gtx</Filter>
    </ClInclude>
    <ClInclude Include="..\Libraries\glm\gtx\rotate_normalized_axis.hpp">
      <Filter>Libraries\glm\gtx</Filter>
    </ClInclude>
    <ClInclude Include="..\Libraries\glm\gtx\rotate_vector.hpp">
      <Filter>Libraries\glm\gtx</Filter>
    </ClInclude>
    <ClInclude Include="..\Libraries\glm\gtx\scalar_multiplication.hpp">
      <Filter>Libraries\glm\gtx</Filter>
    </ClInclude>
    <ClInclude Include="..\Libraries\glm\gtx\scalar_relational.hpp">
      <Filter>Libraries\glm\gtx</Filter>
    </ClInclude>
    <ClInclude Include="..\Libraries\glm\gtx\simd_mat4.hpp">
      <Filter>Libraries\glm\gtx</Filter>
    </ClInclude>
    <ClInclude Include="..\Libraries\glm\gtx\simd_quat.hpp">
      <Filter>Libraries\glm\gtx</Filter>
    </ClInclude>
    <ClInclude Include="..\Libraries\glm\gtx\simd_vec4.hpp">
      <Filter>Libraries\glm\gtx</Filter>
    </ClInclude>
    <ClInclude Include="..\Libraries\glm\gtx\spline.hpp">
      <Filter>Libraries\glm\gtx</Filter>
    </ClInclude>
    <ClInclude Include="..\Libraries\glm\gtx\std_based_type.hpp">
      <Filter>Libraries\glm\gtx</Filter>
    </ClInclude>
    <ClInclude Include="..\Libraries\glm\gtx\string_cast.hpp">
      <Filter>Libraries\glm\gtx</Filter>
    </ClInclude>
    <ClInclude Include="..\Libraries\glm\gtx\transform.hpp">
      <Filter>Libraries\glm\gtx</Filter>
    </ClInclude>
    <ClInclude Include="..\Libraries\glm\gtx\transform2.hpp">
      <Filter>Libraries\glm\gtx</Filter>
    </ClInclude>
    <ClInclude Include="..\Libraries\glm\gtx\type_aligned.hpp">
      <Filter>Libraries\glm\gtx</Filter>
    </ClInclude>
    <ClInclude Include="..\Libraries\glm\gtx\vector_angle.hpp">
      <Filter>Libraries\glm\gtx</Filter>
    </ClInclude>
    <ClInclude Include="..\Libraries\glm\gtx\vector_query.hpp">
      <Filter>Libraries\glm\gtx</Filter>
    </ClInclude>
    <ClInclude Include="..\Libraries\glm\gtx\wrap.hpp">
      <Filter>Libraries\glm\gtx</Filter>
    </ClInclude>
    <ClInclude Include="..\Sources\Renderer\VertexArray.h">
      <Filter>Sources\Renderer</Filter>
    </ClInclude>
    <ClInclude Include="..\Libraries\tinythread\fast_mutex.h">
      <Filter>Libraries\tinythread</Filter>
    </ClInclude>
    <ClInclude Include="..\Libraries\tinythread\tinythread.h">
      <Filter>Libraries\tinythread</Filter>
    </ClInclude>
    <ClInclude Include="..\Sources\Renderer\tga.h">
      <Filter>Sources\Renderer</Filter>
    </ClInclude>
    <ClInclude Include="..\Sources\Renderer\Camera.h">
      <Filter>Sources\Renderer</Filter>
    </ClInclude>
    <ClInclude Include="..\Sources\Models\MS3DModel.h">
      <Filter>Sources\Models</Filter>
    </ClInclude>
    <ClInclude Include="..\Sources\Models\BoundingBox.h">
      <Filter>Sources\Models</Filter>
    </ClInclude>
  </ItemGroup>
  <ItemGroup>
    <None Include="..\Libraries\glm\detail\func_common.inl">
      <Filter>Libraries\glm\detail</Filter>
    </None>
    <None Include="..\Libraries\glm\detail\func_exponential.inl">
      <Filter>Libraries\glm\detail</Filter>
    </None>
    <None Include="..\Libraries\glm\detail\func_geometric.inl">
      <Filter>Libraries\glm\detail</Filter>
    </None>
    <None Include="..\Libraries\glm\detail\func_integer.inl">
      <Filter>Libraries\glm\detail</Filter>
    </None>
    <None Include="..\Libraries\glm\detail\func_matrix.inl">
      <Filter>Libraries\glm\detail</Filter>
    </None>
    <None Include="..\Libraries\glm\detail\func_packing.inl">
      <Filter>Libraries\glm\detail</Filter>
    </None>
    <None Include="..\Libraries\glm\detail\func_trigonometric.inl">
      <Filter>Libraries\glm\detail</Filter>
    </None>
    <None Include="..\Libraries\glm\detail\func_vector_relational.inl">
      <Filter>Libraries\glm\detail</Filter>
    </None>
    <None Include="..\Libraries\glm\detail\intrinsic_common.inl">
      <Filter>Libraries\glm\detail</Filter>
    </None>
    <None Include="..\Libraries\glm\detail\intrinsic_exponential.inl">
      <Filter>Libraries\glm\detail</Filter>
    </None>
    <None Include="..\Libraries\glm\detail\intrinsic_geometric.inl">
      <Filter>Libraries\glm\detail</Filter>
    </None>
    <None Include="..\Libraries\glm\detail\intrinsic_integer.inl">
      <Filter>Libraries\glm\detail</Filter>
    </None>
    <None Include="..\Libraries\glm\detail\intrinsic_matrix.inl">
      <Filter>Libraries\glm\detail</Filter>
    </None>
    <None Include="..\Libraries\glm\detail\intrinsic_trigonometric.inl">
      <Filter>Libraries\glm\detail</Filter>
    </None>
    <None Include="..\Libraries\glm\detail\intrinsic_vector_relational.inl">
      <Filter>Libraries\glm\detail</Filter>
    </None>
    <None Include="..\Libraries\glm\detail\type_gentype.inl">
      <Filter>Libraries\glm\detail</Filter>
    </None>
    <None Include="..\Libraries\glm\detail\type_half.inl">
      <Filter>Libraries\glm\detail</Filter>
    </None>
    <None Include="..\Libraries\glm\detail\type_mat.inl">
      <Filter>Libraries\glm\detail</Filter>
    </None>
    <None Include="..\Libraries\glm\detail\type_mat2x2.inl">
      <Filter>Libraries\glm\detail</Filter>
    </None>
    <None Include="..\Libraries\glm\detail\type_mat2x3.inl">
      <Filter>Libraries\glm\detail</Filter>
    </None>
    <None Include="..\Libraries\glm\detail\type_mat2x4.inl">
      <Filter>Libraries\glm\detail</Filter>
    </None>
    <None Include="..\Libraries\glm\detail\type_mat3x2.inl">
      <Filter>Libraries\glm\detail</Filter>
    </None>
    <None Include="..\Libraries\glm\detail\type_mat3x3.inl">
      <Filter>Libraries\glm\detail</Filter>
    </None>
    <None Include="..\Libraries\glm\detail\type_mat3x4.inl">
      <Filter>Libraries\glm\detail</Filter>
    </None>
    <None Include="..\Libraries\glm\detail\type_mat4x2.inl">
      <Filter>Libraries\glm\detail</Filter>
    </None>
    <None Include="..\Libraries\glm\detail\type_mat4x3.inl">
      <Filter>Libraries\glm\detail</Filter>
    </None>
    <None Include="..\Libraries\glm\detail\type_mat4x4.inl">
      <Filter>Libraries\glm\detail</Filter>
    </None>
    <None Include="..\Libraries\glm\detail\type_vec.inl">
      <Filter>Libraries\glm\detail</Filter>
    </None>
    <None Include="..\Libraries\glm\detail\type_vec1.inl">
      <Filter>Libraries\glm\detail</Filter>
    </None>
    <None Include="..\Libraries\glm\detail\type_vec2.inl">
      <Filter>Libraries\glm\detail</Filter>
    </None>
    <None Include="..\Libraries\glm\detail\type_vec3.inl">
      <Filter>Libraries\glm\detail</Filter>
    </None>
    <None Include="..\Libraries\glm\detail\type_vec4.inl">
      <Filter>Libraries\glm\detail</Filter>
    </None>
    <None Include="..\Libraries\glm\detail\type_vec4_avx.inl">
      <Filter>Libraries\glm\detail</Filter>
    </None>
    <None Include="..\Libraries\glm\detail\type_vec4_avx2.inl">
      <Filter>Libraries\glm\detail</Filter>
    </None>
    <None Include="..\Libraries\glm\detail\type_vec4_sse2.inl">
      <Filter>Libraries\glm\detail</Filter>
    </None>
    <None Include="..\Libraries\glm\gtc\bitfield.inl">
      <Filter>Libraries\glm\gtc</Filter>
    </None>
    <None Include="..\Libraries\glm\gtc\color_space.inl">
      <Filter>Libraries\glm\gtc</Filter>
    </None>
    <None Include="..\Libraries\glm\gtc\constants.inl">
      <Filter>Libraries\glm\gtc</Filter>
    </None>
    <None Include="..\Libraries\glm\gtc\epsilon.inl">
      <Filter>Libraries\glm\gtc</Filter>
    </None>
    <None Include="..\Libraries\glm\gtc\integer.inl">
      <Filter>Libraries\glm\gtc</Filter>
    </None>
    <None Include="..\Libraries\glm\gtc\matrix_access.inl">
      <Filter>Libraries\glm\gtc</Filter>
    </None>
    <None Include="..\Libraries\glm\gtc\matrix_inverse.inl">
      <Filter>Libraries\glm\gtc</Filter>
    </None>
    <None Include="..\Libraries\glm\gtc\matrix_transform.inl">
      <Filter>Libraries\glm\gtc</Filter>
    </None>
    <None Include="..\Libraries\glm\gtc\noise.inl">
      <Filter>Libraries\glm\gtc</Filter>
    </None>
    <None Include="..\Libraries\glm\gtc\packing.inl">
      <Filter>Libraries\glm\gtc</Filter>
    </None>
    <None Include="..\Libraries\glm\gtc\quaternion.inl">
      <Filter>Libraries\glm\gtc</Filter>
    </None>
    <None Include="..\Libraries\glm\gtc\random.inl">
      <Filter>Libraries\glm\gtc</Filter>
    </None>
    <None Include="..\Libraries\glm\gtc\reciprocal.inl">
      <Filter>Libraries\glm\gtc</Filter>
    </None>
    <None Include="..\Libraries\glm\gtc\round.inl">
      <Filter>Libraries\glm\gtc</Filter>
    </None>
    <None Include="..\Libraries\glm\gtc\type_precision.inl">
      <Filter>Libraries\glm\gtc</Filter>
    </None>
    <None Include="..\Libraries\glm\gtc\type_ptr.inl">
      <Filter>Libraries\glm\gtc</Filter>
    </None>
    <None Include="..\Libraries\glm\gtc\ulp.inl">
      <Filter>Libraries\glm\gtc</Filter>
    </None>
    <None Include="..\Libraries\glm\gtc\vec1.inl">
      <Filter>Libraries\glm\gtc</Filter>
    </None>
    <None Include="..\Libraries\glm\gtx\associated_min_max.inl">
      <Filter>Libraries\glm\gtx</Filter>
    </None>
    <None Include="..\Libraries\glm\gtx\bit.inl">
      <Filter>Libraries\glm\gtx</Filter>
    </None>
    <None Include="..\Libraries\glm\gtx\closest_point.inl">
      <Filter>Libraries\glm\gtx</Filter>
    </None>
    <None Include="..\Libraries\glm\gtx\color_space.inl">
      <Filter>Libraries\glm\gtx</Filter>
    </None>
    <None Include="..\Libraries\glm\gtx\color_space_YCoCg.inl">
      <Filter>Libraries\glm\gtx</Filter>
    </None>
    <None Include="..\Libraries\glm\gtx\common.inl">
      <Filter>Libraries\glm\gtx</Filter>
    </None>
    <None Include="..\Libraries\glm\gtx\compatibility.inl">
      <Filter>Libraries\glm\gtx</Filter>
    </None>
    <None Include="..\Libraries\glm\gtx\component_wise.inl">
      <Filter>Libraries\glm\gtx</Filter>
    </None>
    <None Include="..\Libraries\glm\gtx\dual_quaternion.inl">
      <Filter>Libraries\glm\gtx</Filter>
    </None>
    <None Include="..\Libraries\glm\gtx\euler_angles.inl">
      <Filter>Libraries\glm\gtx</Filter>
    </None>
    <None Include="..\Libraries\glm\gtx\extend.inl">
      <Filter>Libraries\glm\gtx</Filter>
    </None>
    <None Include="..\Libraries\glm\gtx\extended_min_max.inl">
      <Filter>Libraries\glm\gtx</Filter>
    </None>
    <None Include="..\Libraries\glm\gtx\fast_exponential.inl">
      <Filter>Libraries\glm\gtx</Filter>
    </None>
    <None Include="..\Libraries\glm\gtx\fast_square_root.inl">
      <Filter>Libraries\glm\gtx</Filter>
    </None>
    <None Include="..\Libraries\glm\gtx\fast_trigonometry.inl">
      <Filter>Libraries\glm\gtx</Filter>
    </None>
    <None Include="..\Libraries\glm\gtx\float_notmalize.inl">
      <Filter>Libraries\glm\gtx</Filter>
    </None>
    <None Include="..\Libraries\glm\gtx\gradient_paint.inl">
      <Filter>Libraries\glm\gtx</Filter>
    </None>
    <None Include="..\Libraries\glm\gtx\handed_coordinate_space.inl">
      <Filter>Libraries\glm\gtx</Filter>
    </None>
    <None Include="..\Libraries\glm\gtx\hash.inl">
      <Filter>Libraries\glm\gtx</Filter>
    </None>
    <None Include="..\Libraries\glm\gtx\integer.inl">
      <Filter>Libraries\glm\gtx</Filter>
    </None>
    <None Include="..\Libraries\glm\gtx\intersect.inl">
      <Filter>Libraries\glm\gtx</Filter>
    </None>
    <None Include="..\Libraries\glm\gtx\io.inl">
      <Filter>Libraries\glm\gtx</Filter>
    </None>
    <None Include="..\Libraries\glm\gtx\log_base.inl">
      <Filter>Libraries\glm\gtx</Filter>
    </None>
    <None Include="..\Libraries\glm\gtx\matrix_cross_product.inl">
      <Filter>Libraries\glm\gtx</Filter>
    </None>
    <None Include="..\Libraries\glm\gtx\matrix_decompose.inl">
      <Filter>Libraries\glm\gtx</Filter>
    </None>
    <None Include="..\Libraries\glm\gtx\matrix_interpolation.inl">
      <Filter>Libraries\glm\gtx</Filter>
    </None>
    <None Include="..\Libraries\glm\gtx\matrix_major_storage.inl">
      <Filter>Libraries\glm\gtx</Filter>
    </None>
    <None Include="..\Libraries\glm\gtx\matrix_operation.inl">
      <Filter>Libraries\glm\gtx</Filter>
    </None>
    <None Include="..\Libraries\glm\gtx\matrix_query.inl">
      <Filter>Libraries\glm\gtx</Filter>
    </None>
    <None Include="..\Libraries\glm\gtx\matrix_transform_2d.inl">
      <Filter>Libraries\glm\gtx</Filter>
    </None>
    <None Include="..\Libraries\glm\gtx\mixed_product.inl">
      <Filter>Libraries\glm\gtx</Filter>
    </None>
    <None Include="..\Libraries\glm\gtx\norm.inl">
      <Filter>Libraries\glm\gtx</Filter>
    </None>
    <None Include="..\Libraries\glm\gtx\normal.inl">
      <Filter>Libraries\glm\gtx</Filter>
    </None>
    <None Include="..\Libraries\glm\gtx\normalize_dot.inl">
      <Filter>Libraries\glm\gtx</Filter>
    </None>
    <None Include="..\Libraries\glm\gtx\number_precision.inl">
      <Filter>Libraries\glm\gtx</Filter>
    </None>
    <None Include="..\Libraries\glm\gtx\optimum_pow.inl">
      <Filter>Libraries\glm\gtx</Filter>
    </None>
    <None Include="..\Libraries\glm\gtx\orthonormalize.inl">
      <Filter>Libraries\glm\gtx</Filter>
    </None>
    <None Include="..\Libraries\glm\gtx\perpendicular.inl">
      <Filter>Libraries\glm\gtx</Filter>
    </None>
    <None Include="..\Libraries\glm\gtx\polar_coordinates.inl">
      <Filter>Libraries\glm\gtx</Filter>
    </None>
    <None Include="..\Libraries\glm\gtx\projection.inl">
      <Filter>Libraries\glm\gtx</Filter>
    </None>
    <None Include="..\Libraries\glm\gtx\quaternion.inl">
      <Filter>Libraries\glm\gtx</Filter>
    </None>
    <None Include="..\Libraries\glm\gtx\raw_data.inl">
      <Filter>Libraries\glm\gtx</Filter>
    </None>
    <None Include="..\Libraries\glm\gtx\rotate_normalized_axis.inl">
      <Filter>Libraries\glm\gtx</Filter>
    </None>
    <None Include="..\Libraries\glm\gtx\rotate_vector.inl">
      <Filter>Libraries\glm\gtx</Filter>
    </None>
    <None Include="..\Libraries\glm\gtx\scalar_relational.inl">
      <Filter>Libraries\glm\gtx</Filter>
    </None>
    <None Include="..\Libraries\glm\gtx\simd_mat4.inl">
      <Filter>Libraries\glm\gtx</Filter>
    </None>
    <None Include="..\Libraries\glm\gtx\simd_quat.inl">
      <Filter>Libraries\glm\gtx</Filter>
    </None>
    <None Include="..\Libraries\glm\gtx\simd_vec4.inl">
      <Filter>Libraries\glm\gtx</Filter>
    </None>
    <None Include="..\Libraries\glm\gtx\spline.inl">
      <Filter>Libraries\glm\gtx</Filter>
    </None>
    <None Include="..\Libraries\glm\gtx\std_based_type.inl">
      <Filter>Libraries\glm\gtx</Filter>
    </None>
    <None Include="..\Libraries\glm\gtx\string_cast.inl">
      <Filter>Libraries\glm\gtx</Filter>
    </None>
    <None Include="..\Libraries\glm\gtx\transform.inl">
      <Filter>Libraries\glm\gtx</Filter>
    </None>
    <None Include="..\Libraries\glm\gtx\transform2.inl">
      <Filter>Libraries\glm\gtx</Filter>
    </None>
    <None Include="..\Libraries\glm\gtx\type_aligned.inl">
      <Filter>Libraries\glm\gtx</Filter>
    </None>
    <None Include="..\Libraries\glm\gtx\vector_angle.inl">
      <Filter>Libraries\glm\gtx</Filter>
    </None>
    <None Include="..\Libraries\glm\gtx\vector_query.inl">
      <Filter>Libraries\glm\gtx</Filter>
    </None>
    <None Include="..\Libraries\glm\gtx\wrap.inl">
      <Filter>Libraries\glm\gtx</Filter>
    </None>
  </ItemGroup>
</Project>