<?xml version="1.0" encoding="utf-8"?>
<Project ToolsVersion="4.0" xmlns="http://schemas.microsoft.com/developer/msbuild/2003">
  <ItemGroup>
    <Filter Include="Sources">
      <UniqueIdentifier>{d88dbeb3-a70c-4ac1-97ff-028b6b1f51e4}</UniqueIdentifier>
    </Filter>
    <Filter Include="Sources\Maths">
      <UniqueIdentifier>{81d6a3eb-1836-4ea6-b256-0c0056db9fab}</UniqueIdentifier>
    </Filter>
    <Filter Include="Sources\Renderer">
      <UniqueIdentifier>{57c185d6-8b1a-4bde-952b-d8c633b6d2e8}</UniqueIdentifier>
    </Filter>
  </ItemGroup>
  <ItemGroup>
    <ClCompile Include="..\Sources\main.cpp">
      <Filter>Sources</Filter>
    </ClCompile>
    <ClCompile Include="..\Sources\CubbyWindow.cpp">
      <Filter>Sources</Filter>
    </ClCompile>
    <ClCompile Include="..\Sources\CubbyGame.cpp">
      <Filter>Sources</Filter>
    </ClCompile>
    <ClCompile Include="..\Sources\Maths\Matrix4.cpp">
      <Filter>Sources\Maths</Filter>
    </ClCompile>
    <ClCompile Include="..\Sources\Maths\Line3D.cpp">
      <Filter>Sources\Maths</Filter>
    </ClCompile>
    <ClCompile Include="..\Sources\Maths\Plane3D.cpp">
      <Filter>Sources\Maths</Filter>
    </ClCompile>
    <ClCompile Include="..\Sources\Maths\Bezier3.cpp">
      <Filter>Sources\Maths</Filter>
    </ClCompile>
    <ClCompile Include="..\Sources\Maths\Bezier4.cpp">
      <Filter>Sources\Maths</Filter>
    </ClCompile>
    <ClCompile Include="..\Sources\Maths\BoundingRegion.cpp">
      <Filter>Sources\Maths</Filter>
    </ClCompile>
    <ClCompile Include="..\Sources\Renderer\Color.cpp">
      <Filter>Sources\Renderer</Filter>
    </ClCompile>
    <ClCompile Include="..\Sources\Renderer\Light.cpp">
      <Filter>Sources\Renderer</Filter>
    </ClCompile>
    <ClCompile Include="..\Sources\Renderer\Texture.cpp">
      <Filter>Sources\Renderer</Filter>
    </ClCompile>
    <ClCompile Include="..\Sources\Renderer\Material.cpp">
      <Filter>Sources\Renderer</Filter>
    </ClCompile>
    <ClCompile Include="..\Sources\Renderer\Frustum.cpp">
      <Filter>Sources\Renderer</Filter>
    </ClCompile>
  </ItemGroup>
  <ItemGroup>
    <ClInclude Include="..\Sources\CubbyWindow.h">
      <Filter>Sources</Filter>
    </ClInclude>
    <ClInclude Include="..\Sources\CubbyGame.h">
      <Filter>Sources</Filter>
    </ClInclude>
    <ClInclude Include="..\Sources\Maths\3DMaths.h">
      <Filter>Sources\Maths</Filter>
    </ClInclude>
    <ClInclude Include="..\Sources\Maths\Matrix4.h">
      <Filter>Sources\Maths</Filter>
    </ClInclude>
    <ClInclude Include="..\Sources\Maths\Line3D.h">
      <Filter>Sources\Maths</Filter>
    </ClInclude>
    <ClInclude Include="..\Sources\Maths\Plane3D.h">
      <Filter>Sources\Maths</Filter>
    </ClInclude>
    <ClInclude Include="..\Sources\Maths\Bezier3.h">
      <Filter>Sources\Maths</Filter>
    </ClInclude>
    <ClInclude Include="..\Sources\Maths\Bezier4.h">
      <Filter>Sources\Maths</Filter>
    </ClInclude>
    <ClInclude Include="..\Sources\Maths\BoundingRegion.h">
      <Filter>Sources\Maths</Filter>
    </ClInclude>
    <ClInclude Include="..\Sources\Renderer\Color.h">
      <Filter>Sources\Renderer</Filter>
    </ClInclude>
    <ClInclude Include="..\Sources\Renderer\Light.h">
      <Filter>Sources\Renderer</Filter>
    </ClInclude>
    <ClInclude Include="..\Sources\Renderer\Texture.h">
      <Filter>Sources\Renderer</Filter>
    </ClInclude>
    <ClInclude Include="..\Sources\Renderer\Material.h">
      <Filter>Sources\Renderer</Filter>
    </ClInclude>
    <ClInclude Include="..\Sources\Renderer\Frustum.h">
      <Filter>Sources\Renderer</Filter>
    </ClInclude>
  </ItemGroup>
</Project>